
Microsoft Visual Studio Solution File, Format Version 12.00
# Visual Studio Version 17
VisualStudioVersion = 17.7.34031.279
MinimumVisualStudioVersion = 10.0.40219.1
Project("{FAE04EC0-301F-11D3-BF4B-00C04F79EFBC}") = "OGAT_InfiniteAmmo_Mod", "OGAT_InfiniteAmmo_Mod.csproj", "{8641E337-481D-4C96-BFB7-B42248FCC884}"
EndProject
Global
	GlobalSection(SolutionConfigurationPlatforms) = preSolution
		Debug|Any CPU = Debug|Any CPU
		Release|Any CPU = Release|Any CPU
	EndGlobalSection
	GlobalSection(ProjectConfigurationPlatforms) = postSolution
		{8641E337-481D-4C96-BFB7-B42248FCC884}.Debug|Any CPU.ActiveCfg = Debug|Any CPU
		{8641E337-481D-4C96-BFB7-B42248FCC884}.Debug|Any CPU.Build.0 = Debug|Any CPU
		{8641E337-481D-4C96-BFB7-B42248FCC884}.Release|Any CPU.ActiveCfg = Release|Any CPU
		{8641E337-481D-4C96-BFB7-B42248FCC884}.Release|Any CPU.Build.0 = Release|Any CPU
	EndGlobalSection
	GlobalSection(SolutionProperties) = preSolution
		HideSolutionNode = FALSE
	EndGlobalSection
	GlobalSection(ExtensibilityGlobals) = postSolution
		SolutionGuid = {2D06211D-BEBB-409F-B073-16B00C6BE41A}
	EndGlobalSection
EndGlobal
